{
  "nodes": {
    "nixpkgs": {
      "locked": {
        "lastModified": 1779923278,
        "narHash": "sha256-u8iqQZ1nkF2WFLKQO9ei2ZFwAat3ia8D/KTjq5UUF3s=",
        "owner": "NixOS",
        "repo": "nixpkgs",
        "rev": "d87b834371d09332e5f40ff1676ff16bbc12b1ac",
        "type": "github"
      },
      "original": {
        "owner": "NixOS",
        "repo": "nixpkgs",
        "type": "github"
      }
    },
    "root": {
      "inputs": {
        "nixpkgs": "nixpkgs"
      }
    }
  },
  "root": "root",
  "version": 7
}
